PODS:
  - Flutter (1.0.0)
  - flutter_stockfish (0.0.1):
    - Flutter

DEPENDENCIES:
  - Flutter (from `Flutter`)
  - flutter_stockfish (from `.symlinks/plugins/flutter_stockfish/ios`)

EXTERNAL SOURCES:
  Flutter:
    :path: Flutter
  flutter_stockfish:
    :path: ".symlinks/plugins/flutter_stockfish/ios"

SPEC CHECKSUMS:
  Flutter: 0e3d915762c693b495b44d77113d4970485de6ec
  flutter_stockfish: 0ef377d8a7a25ff967eb09ea78cec738c0e7a86c

PODFILE CHECKSUM: abc5a7f35f0342d34c351c50277e54e1fc67de87

COCOAPODS: 1.9.3
